{
  "nodes": {
    "home-manager": {
      "inputs": {
        "nixpkgs": [
          "nixpkgs"
        ]
      },
      "locked": {
        "lastModified": 1730450782,
        "narHash": "sha256-0AfApF8aexgB6o34qqLW2cCX4LaWJajBVdU6ddiWZBM=",
        "owner": "nix-community",
        "repo": "home-manager",
        "rev": "8ca921e5a806b5b6171add542defe7bdac79d189",
        "type": "github"
      },
      "original": {
        "owner": "nix-community",
        "ref": "master",
        "repo": "home-manager",
        "type": "github"
      }
    },
    "nixpkgs": {
      "locked": {
        "lastModified": 1730480974,
        "narHash": "sha256-SpLmmBxhchjHUFyzm9b+KmFmo3d2ZecMhB+l6qgCm/w=",
        "owner": "paepckehh",
        "repo": "nixpkgs",
        "rev": "a58c8fee1e265904132803d4d4d8c1d9c56dee71",
        "type": "github"
      },
      "original": {
        "owner": "paepckehh",
        "ref": "wg-access-server-fix",
        "repo": "nixpkgs",
        "type": "github"
      }
    },
    "root": {
      "inputs": {
        "home-manager": "home-manager",
        "nixpkgs": "nixpkgs"
      }
    }
  },
  "root": "root",
  "version": 7
}
