{
  "nodes": {
    "home-manager": {
      "inputs": {
        "nixpkgs": [
          "nixpkgs"
        ]
      },
      "locked": {
        "lastModified": 1732383377,
        "narHash": "sha256-FnTC1Eycct/oD1I0ZUuy9FmQFfBeuymbVD2ptlQWaGc=",
        "owner": "nix-community",
        "repo": "home-manager",
        "rev": "16fe78182e924c9a2b0cffa1f343efea80945ef2",
        "type": "github"
      },
      "original": {
        "owner": "nix-community",
        "ref": "master",
        "repo": "home-manager",
        "type": "github"
      }
    },
    "nixpkgs": {
      "locked": {
        "lastModified": 1732393001,
        "narHash": "sha256-lnzzrJMn1lUMy7aUGELOJkyVMhCTu6tPuzX2BK/dANg=",
        "owner": "NixOS",
        "repo": "nixpkgs",
        "rev": "5178832944984b8c1648cf7a1533aca8d79b4b36",
        "type": "github"
      },
      "original": {
        "owner": "NixOS",
        "ref": "release-24.11",
        "repo": "nixpkgs",
        "type": "github"
      }
    },
    "root": {
      "inputs": {
        "home-manager": "home-manager",
        "nixpkgs": "nixpkgs"
      }
    }
  },
  "root": "root",
  "version": 7
}
