{
  "nodes": {
    "home-manager": {
      "inputs": {
        "nixpkgs": [
          "nixpkgs"
        ]
      },
      "locked": {
        "lastModified": 1730016908,
        "narHash": "sha256-bFCxJco7d8IgmjfNExNz9knP8wvwbXU4s/d53KOK6U0=",
        "owner": "nix-community",
        "repo": "home-manager",
        "rev": "e83414058edd339148dc142a8437edb9450574c8",
        "type": "github"
      },
      "original": {
        "owner": "nix-community",
        "ref": "master",
        "repo": "home-manager",
        "type": "github"
      }
    },
    "nixpkgs": {
      "locked": {
        "lastModified": 1730439456,
        "narHash": "sha256-LdboSyyBuw8mK0DivZH9S3eo5IbDEKJfVX00zNWK+h4=",
        "owner": "paepckehh",
        "repo": "nixpkgs",
        "rev": "0eb9a0d2b7b3a49e65a89a4b89944d5372ac9b4e",
        "type": "github"
      },
      "original": {
        "owner": "paepckehh",
        "ref": "opnborg-service",
        "repo": "nixpkgs",
        "type": "github"
      }
    },
    "root": {
      "inputs": {
        "home-manager": "home-manager",
        "nixpkgs": "nixpkgs"
      }
    }
  },
  "root": "root",
  "version": 7
}
