{
  "nodes": {
    "home-manager": {
      "inputs": {
        "nixpkgs": [
          "nixpkgs"
        ]
      },
      "locked": {
        "lastModified": 1735343815,
        "narHash": "sha256-p7IJP/97zJda/wwCn1T2LJBz4olF5LjNf4uwhuyvARo=",
        "owner": "nix-community",
        "repo": "home-manager",
        "rev": "b7a7cd5dd1a74a9fe86ed4e016f91c78483b527a",
        "type": "github"
      },
      "original": {
        "owner": "nix-community",
        "ref": "master",
        "repo": "home-manager",
        "type": "github"
      }
    },
    "nixpkgs": {
      "locked": {
        "lastModified": 1735141468,
        "narHash": "sha256-VIAjBr1qGcEbmhLwQJD6TABppPMggzOvqFsqkDoMsAY=",
        "owner": "NixOS",
        "repo": "nixpkgs",
        "rev": "4005c3ff7505313cbc21081776ad0ce5dfd7a3ce",
        "type": "github"
      },
      "original": {
        "owner": "NixOS",
        "ref": "nixos-24.11",
        "repo": "nixpkgs",
        "type": "github"
      }
    },
    "root": {
      "inputs": {
        "home-manager": "home-manager",
        "nixpkgs": "nixpkgs"
      }
    }
  },
  "root": "root",
  "version": 7
}
