{
  "nodes": {
    "disko": {
      "inputs": {
        "nixpkgs": [
          "nixpkgs"
        ]
      },
      "locked": {
        "lastModified": 1739598710,
        "narHash": "sha256-x5sK19938Qsi1eWRjQrH/oSN3wT0jSVE2ZJRwDTyojs=",
        "owner": "nix-community",
        "repo": "disko",
        "rev": "5d6c85c1d0bd634d46a9604e93bce935a06e033b",
        "type": "github"
      },
      "original": {
        "owner": "nix-community",
        "ref": "master",
        "repo": "disko",
        "type": "github"
      }
    },
    "home-manager": {
      "inputs": {
        "nixpkgs": [
          "nixpkgs"
        ]
      },
      "locked": {
        "lastModified": 1739571712,
        "narHash": "sha256-0UdSDV/TBY+GuxXLbrLq3l2Fq02ciyKCIMy4qmnfJXQ=",
        "owner": "nix-community",
        "repo": "home-manager",
        "rev": "6d3163aea47fdb1fe19744e91306a2ea4f602292",
        "type": "github"
      },
      "original": {
        "owner": "nix-community",
        "ref": "master",
        "repo": "home-manager",
        "type": "github"
      }
    },
    "nixpkgs": {
      "locked": {
        "lastModified": 1739357830,
        "narHash": "sha256-9xim3nJJUFbVbJCz48UP4fGRStVW5nv4VdbimbKxJ3I=",
        "owner": "NixOS",
        "repo": "nixpkgs",
        "rev": "0ff09db9d034a04acd4e8908820ba0b410d7a33a",
        "type": "github"
      },
      "original": {
        "owner": "NixOS",
        "ref": "nixos-24.11",
        "repo": "nixpkgs",
        "type": "github"
      }
    },
    "root": {
      "inputs": {
        "disko": "disko",
        "home-manager": "home-manager",
        "nixpkgs": "nixpkgs"
      }
    }
  },
  "root": "root",
  "version": 7
}
