{
  "nodes": {
    "disko": {
      "inputs": {
        "nixpkgs": [
          "nixpkgs-release"
        ]
      },
      "locked": {
        "lastModified": 1736657513,
        "narHash": "sha256-4NjJEtkYvOy1rucoQLm69TCTj76ahzZ6MTemRUQj7V4=",
        "path": "/home/me/dev/nixos/disko",
        "type": "path"
      },
      "original": {
        "path": "/home/me/dev/nixos/disko",
        "type": "path"
      }
    },
    "home-manager": {
      "inputs": {
        "nixpkgs": [
          "nixpkgs-release"
        ]
      },
      "locked": {
        "lastModified": 1736658205,
        "narHash": "sha256-tAXtQkEFx4Bfz+L9uqgLSuasLzDbvECI+eWZqyeviVg=",
        "path": "/home/me/dev/nixos/home-manager",
        "type": "path"
      },
      "original": {
        "path": "/home/me/dev/nixos/home-manager",
        "type": "path"
      }
    },
    "nixpkgs-release": {
      "locked": {
        "lastModified": 1736549401,
        "narHash": "sha256-ibkQrMHxF/7TqAYcQE+tOnIsSEzXmMegzyBWza6uHKM=",
        "ref": "refs/heads/nixos-24.11",
        "rev": "1dab772dd4a68a7bba5d9460685547ff8e17d899",
        "revCount": 712909,
        "type": "git",
        "url": "file:///home/me/dev/nixos/nixos-24.11"
      },
      "original": {
        "type": "git",
        "url": "file:///home/me/dev/nixos/nixos-24.11"
      }
    },
    "root": {
      "inputs": {
        "disko": "disko",
        "home-manager": "home-manager",
        "nixpkgs-release": "nixpkgs-release"
      }
    }
  },
  "root": "root",
  "version": 7
}
