{
  "nodes": {
    "agenix": {
      "inputs": {
        "nixpkgs": [
          "nixpkgs"
        ]
      },
      "locked": {
        "lastModified": 1790734419,
        "narHash": "sha256-n7wew722m1OTBT9DOIMxNX/NF4zfsSUABAO5eW3wikE=",
        "ref": "main",
        "rev": "3daa710894355fa2fad8243380af373a2b4046ef",
        "revCount": 385,
        "type": "git",
        "url": "https://git-mirror.home.corp/ryantm/agenix"
      },
      "original": {
        "ref": "main",
        "type": "git",
        "url": "https://git-mirror.home.corp/ryantm/agenix"
      }
    },
    "disko": {
      "inputs": {
        "nixpkgs": [
          "nixpkgs"
        ]
      },
      "locked": {
        "lastModified": 1789770686,
        "narHash": "sha256-uZkBR7yHdIKUFB5SZdfgh1qkGfI3XmYmI/lTiquxbck=",
        "ref": "master",
        "rev": "725ea35e410ad83be4931d1bff7e090eacaf3563",
        "revCount": 1394,
        "type": "git",
        "url": "https://git-mirror.home.corp/nix-community/disko"
      },
      "original": {
        "ref": "master",
        "type": "git",
        "url": "https://git-mirror.home.corp/nix-community/disko"
      }
    },
    "home-manager": {
      "inputs": {
        "nixpkgs": [
          "nixpkgs"
        ]
      },
      "locked": {
        "lastModified": 1790779675,
        "narHash": "sha256-wswYlVaovcex/IMSqGrN/GLlvHN29bgoIXMBoMyLmTI=",
        "ref": "master",
        "rev": "b75a0703c9ef757386ec3807a55106c2ca64f770",
        "revCount": 7388,
        "type": "git",
        "url": "https://git-mirror.home.corp/nix-community/home-manager"
      },
      "original": {
        "ref": "master",
        "type": "git",
        "url": "https://git-mirror.home.corp/nix-community/home-manager"
      }
    },
    "nixpkgs": {
      "locked": {
        "lastModified": 1790689126,
        "narHash": "sha256-ilerN1WLSvF+HMjziC/Wv99J5y02maDH+6hZPwsORKg=",
        "ref": "nixos-unstable",
        "rev": "b4fd65b198c599cbe814fcb9f42d25d021595ec9",
        "revCount": 1082427,
        "type": "git",
        "url": "https://git-mirror.home.corp/nixos/nixpkgs"
      },
      "original": {
        "ref": "nixos-unstable",
        "type": "git",
        "url": "https://git-mirror.home.corp/nixos/nixpkgs"
      }
    },
    "root": {
      "inputs": {
        "agenix": "agenix",
        "disko": "disko",
        "home-manager": "home-manager",
        "nixpkgs": "nixpkgs"
      }
    }
  },
  "root": "root",
  "version": 7
}
