{
  "nodes": {
    "disko": {
      "inputs": {
        "nixpkgs": [
          "nixpkgs-release"
        ]
      },
      "locked": {
        "lastModified": 1736137136,
        "narHash": "sha256-dkqZXCYVT+/p2pP/aMwsG2ly4CX8ldAy56dabmzYp3s=",
        "path": "/home/me/dev/disko",
        "type": "path"
      },
      "original": {
        "path": "/home/me/dev/disko",
        "type": "path"
      }
    },
    "home-manager": {
      "inputs": {
        "nixpkgs": [
          "nixpkgs-release"
        ]
      },
      "locked": {
        "lastModified": 1736137137,
        "narHash": "sha256-zpeI2QQhpXAB6Hyj4BMs7uvay16XnLkw/nEk0PcwRHM=",
        "path": "/home/me/dev/home-manager",
        "type": "path"
      },
      "original": {
        "path": "/home/me/dev/home-manager",
        "type": "path"
      }
    },
    "nixpkgs-release": {
      "locked": {
        "lastModified": 1736137098,
        "narHash": "sha256-nKxJZ4V/TWtUbMUBmlW2lkV7xmEliyDFD265P0A9I/M=",
        "path": "/home/me/dev/nixpkgs",
        "type": "path"
      },
      "original": {
        "path": "/home/me/dev/nixpkgs",
        "type": "path"
      }
    },
    "nixpkgs-unstable": {
      "locked": {
        "lastModified": 1736137098,
        "narHash": "sha256-nKxJZ4V/TWtUbMUBmlW2lkV7xmEliyDFD265P0A9I/M=",
        "path": "/home/me/dev/nixpkgs",
        "type": "path"
      },
      "original": {
        "path": "/home/me/dev/nixpkgs",
        "type": "path"
      }
    },
    "root": {
      "inputs": {
        "disko": "disko",
        "home-manager": "home-manager",
        "nixpkgs-release": "nixpkgs-release",
        "nixpkgs-unstable": "nixpkgs-unstable"
      }
    }
  },
  "root": "root",
  "version": 7
}
